
Microsoft Visual Studio Solution File, Format Version 12.00
# Visual Studio 15
VisualStudioVersion = 15.0.27130.2010
MinimumVisualStudioVersion = 10.0.40219.1
Project("{FAE04EC0-301F-11D3-BF4B-00C04F79EFBC}") = "Core", "Core\Core.csproj", "{C1F23845-2406-45B7-953C-B9A5382F5677}"
EndProject
Project("{FAE04EC0-301F-11D3-BF4B-00C04F79EFBC}") = "Dispatchers.EventStore", "Dispatchers.EventStore\Dispatchers.EventStore.csproj", "{0A80A4FD-006C-479C-AE6E-9D618E34378F}"
EndProject
Project("{2150E333-8FDC-42A3-9474-1A3956D46DE8}") = "Dispatchers", "Dispatchers", "{4E4D222E-4252-459F-91BD-4C8EF29E6B91}"
EndProject
Project("{FAE04EC0-301F-11D3-BF4B-00C04F79EFBC}") = "Dispatchers.Snapshotting.Protobuf", "Dispatchers.Snapshotting.Protobuf\Dispatchers.Snapshotting.Protobuf.csproj", "{9509E927-8F1B-4BC4-BD3C-417C53D0D490}"
EndProject
Global
	GlobalSection(SolutionConfigurationPlatforms) = preSolution
		Debug|Any CPU = Debug|Any CPU
		Release|Any CPU = Release|Any CPU
	EndGlobalSection
	GlobalSection(ProjectConfigurationPlatforms) = postSolution
		{C1F23845-2406-45B7-953C-B9A5382F5677}.Debug|Any CPU.ActiveCfg = Debug|Any CPU
		{C1F23845-2406-45B7-953C-B9A5382F5677}.Debug|Any CPU.Build.0 = Debug|Any CPU
		{C1F23845-2406-45B7-953C-B9A5382F5677}.Release|Any CPU.ActiveCfg = Release|Any CPU
		{C1F23845-2406-45B7-953C-B9A5382F5677}.Release|Any CPU.Build.0 = Release|Any CPU
		{0A80A4FD-006C-479C-AE6E-9D618E34378F}.Debug|Any CPU.ActiveCfg = Debug|Any CPU
		{0A80A4FD-006C-479C-AE6E-9D618E34378F}.Debug|Any CPU.Build.0 = Debug|Any CPU
		{0A80A4FD-006C-479C-AE6E-9D618E34378F}.Release|Any CPU.ActiveCfg = Release|Any CPU
		{0A80A4FD-006C-479C-AE6E-9D618E34378F}.Release|Any CPU.Build.0 = Release|Any CPU
		{9509E927-8F1B-4BC4-BD3C-417C53D0D490}.Debug|Any CPU.ActiveCfg = Debug|Any CPU
		{9509E927-8F1B-4BC4-BD3C-417C53D0D490}.Debug|Any CPU.Build.0 = Debug|Any CPU
		{9509E927-8F1B-4BC4-BD3C-417C53D0D490}.Release|Any CPU.ActiveCfg = Release|Any CPU
		{9509E927-8F1B-4BC4-BD3C-417C53D0D490}.Release|Any CPU.Build.0 = Release|Any CPU
	EndGlobalSection
	GlobalSection(SolutionProperties) = preSolution
		HideSolutionNode = FALSE
	EndGlobalSection
	GlobalSection(NestedProjects) = preSolution
		{0A80A4FD-006C-479C-AE6E-9D618E34378F} = {4E4D222E-4252-459F-91BD-4C8EF29E6B91}
		{9509E927-8F1B-4BC4-BD3C-417C53D0D490} = {4E4D222E-4252-459F-91BD-4C8EF29E6B91}
	EndGlobalSection
	GlobalSection(ExtensibilityGlobals) = postSolution
		SolutionGuid = {58A60822-0CA7-4255-AA1E-533ECE617C52}
	EndGlobalSection
EndGlobal
